
Microsoft Visual Studio Solution File, Format Version 12.00
# Visual Studio Version 17
VisualStudioVersion = 17.4.33213.308
MinimumVisualStudioVersion = 10.0.40219.1
Project("{9A19103F-16F7-4668-BE54-9A1E7A4F7556}") = "CustomerWebApi", "CustomerWebApi\CustomerWebApi.csproj", "{C0E869DC-A064-4E01-8D55-C8A72D5F5172}"
EndProject
Project("{E53339B2-1760-4266-BCC7-CA923CBCF16C}") = "docker-compose", "docker-compose.dcproj", "{64E79BE1-0059-4449-AB4F-54A3F94C9CD4}"
EndProject
Project("{2150E333-8FDC-42A3-9474-1A3956D46DE8}") = "Services", "Services", "{67C0D65C-8A80-45C4-92CD-54F218773930}"
EndProject
Project("{9A19103F-16F7-4668-BE54-9A1E7A4F7556}") = "ProductWebApi", "ProductWebApi\ProductWebApi.csproj", "{09DC66A0-6A0E-4B12-8927-9AF742081344}"
EndProject
Project("{9A19103F-16F7-4668-BE54-9A1E7A4F7556}") = "OrderWebApi", "OrderWebApi\OrderWebApi.csproj", "{A19D60DA-1B62-44FB-9497-93C15A7B8A4D}"
EndProject
Project("{2150E333-8FDC-42A3-9474-1A3956D46DE8}") = "Éléments de solution", "Éléments de solution", "{A2730E67-208C-43E2-9F96-96635C570890}"
	ProjectSection(SolutionItems) = preProject
		readme.md = readme.md
	EndProjectSection
EndProject
Project("{2150E333-8FDC-42A3-9474-1A3956D46DE8}") = "order", "order", "{C03C0D22-CE35-4E0F-9D6A-498306B43092}"
EndProject
Project("{2150E333-8FDC-42A3-9474-1A3956D46DE8}") = "Customer", "Customer", "{E7B5891A-9B21-4368-AA2B-401B88006BA6}"
EndProject
Project("{2150E333-8FDC-42A3-9474-1A3956D46DE8}") = "Product", "Product", "{1BE2107F-8B82-409B-A41C-D976C59486DD}"
EndProject
Project("{2150E333-8FDC-42A3-9474-1A3956D46DE8}") = "ApiGateways", "ApiGateways", "{ACF0EBED-ACFC-4C19-9812-A60494192414}"
EndProject
Project("{9A19103F-16F7-4668-BE54-9A1E7A4F7556}") = "ApiGateway", "..\ApiGateway\ApiGateway.csproj", "{CBA49715-3E2E-488B-9ACE-0C459A19417E}"
EndProject
Project("{9A19103F-16F7-4668-BE54-9A1E7A4F7556}") = "Customer.Application", "..\Customer.Application\Customer.Application.csproj", "{B7FD9818-5D7C-4823-88BC-3A39C2391426}"
EndProject
Project("{9A19103F-16F7-4668-BE54-9A1E7A4F7556}") = "Customer.Domain", "..\Customer.Domain\Customer.Domain.csproj", "{DB6AEC83-B031-4B90-AE2B-C5A9AC62FC56}"
EndProject
Project("{9A19103F-16F7-4668-BE54-9A1E7A4F7556}") = "Customer.Infra", "..\Customer.Infra\Customer.Infra.csproj", "{CF9E8F97-87D8-488F-BF47-A7706A229F84}"
EndProject
Project("{2150E333-8FDC-42A3-9474-1A3956D46DE8}") = "Test", "Test", "{8D040636-2052-4536-9653-A1EF3FAD93FA}"
EndProject
Project("{FAE04EC0-301F-11D3-BF4B-00C04F79EFBC}") = "Customer.Infra.Test", "..\Customer.Infra.Test\Customer.Infra.Test.csproj", "{41B62085-8C6D-4566-BA1D-7D345C1E1B53}"
EndProject
Global
	GlobalSection(SolutionConfigurationPlatforms) = preSolution
		Debug|Any CPU = Debug|Any CPU
		Release|Any CPU = Release|Any CPU
	EndGlobalSection
	GlobalSection(ProjectConfigurationPlatforms) = postSolution
		{C0E869DC-A064-4E01-8D55-C8A72D5F5172}.Debug|Any CPU.ActiveCfg = Debug|Any CPU
		{C0E869DC-A064-4E01-8D55-C8A72D5F5172}.Debug|Any CPU.Build.0 = Debug|Any CPU
		{C0E869DC-A064-4E01-8D55-C8A72D5F5172}.Release|Any CPU.ActiveCfg = Release|Any CPU
		{C0E869DC-A064-4E01-8D55-C8A72D5F5172}.Release|Any CPU.Build.0 = Release|Any CPU
		{64E79BE1-0059-4449-AB4F-54A3F94C9CD4}.Debug|Any CPU.ActiveCfg = Debug|Any CPU
		{64E79BE1-0059-4449-AB4F-54A3F94C9CD4}.Debug|Any CPU.Build.0 = Debug|Any CPU
		{64E79BE1-0059-4449-AB4F-54A3F94C9CD4}.Release|Any CPU.ActiveCfg = Release|Any CPU
		{64E79BE1-0059-4449-AB4F-54A3F94C9CD4}.Release|Any CPU.Build.0 = Release|Any CPU
		{09DC66A0-6A0E-4B12-8927-9AF742081344}.Debug|Any CPU.ActiveCfg = Debug|Any CPU
		{09DC66A0-6A0E-4B12-8927-9AF742081344}.Debug|Any CPU.Build.0 = Debug|Any CPU
		{09DC66A0-6A0E-4B12-8927-9AF742081344}.Release|Any CPU.ActiveCfg = Release|Any CPU
		{09DC66A0-6A0E-4B12-8927-9AF742081344}.Release|Any CPU.Build.0 = Release|Any CPU
		{A19D60DA-1B62-44FB-9497-93C15A7B8A4D}.Debug|Any CPU.ActiveCfg = Debug|Any CPU
		{A19D60DA-1B62-44FB-9497-93C15A7B8A4D}.Debug|Any CPU.Build.0 = Debug|Any CPU
		{A19D60DA-1B62-44FB-9497-93C15A7B8A4D}.Release|Any CPU.ActiveCfg = Release|Any CPU
		{A19D60DA-1B62-44FB-9497-93C15A7B8A4D}.Release|Any CPU.Build.0 = Release|Any CPU
		{CBA49715-3E2E-488B-9ACE-0C459A19417E}.Debug|Any CPU.ActiveCfg = Debug|Any CPU
		{CBA49715-3E2E-488B-9ACE-0C459A19417E}.Debug|Any CPU.Build.0 = Debug|Any CPU
		{CBA49715-3E2E-488B-9ACE-0C459A19417E}.Release|Any CPU.ActiveCfg = Release|Any CPU
		{CBA49715-3E2E-488B-9ACE-0C459A19417E}.Release|Any CPU.Build.0 = Release|Any CPU
		{B7FD9818-5D7C-4823-88BC-3A39C2391426}.Debug|Any CPU.ActiveCfg = Debug|Any CPU
		{B7FD9818-5D7C-4823-88BC-3A39C2391426}.Debug|Any CPU.Build.0 = Debug|Any CPU
		{B7FD9818-5D7C-4823-88BC-3A39C2391426}.Release|Any CPU.ActiveCfg = Release|Any CPU
		{B7FD9818-5D7C-4823-88BC-3A39C2391426}.Release|Any CPU.Build.0 = Release|Any CPU
		{DB6AEC83-B031-4B90-AE2B-C5A9AC62FC56}.Debug|Any CPU.ActiveCfg = Debug|Any CPU
		{DB6AEC83-B031-4B90-AE2B-C5A9AC62FC56}.Debug|Any CPU.Build.0 = Debug|Any CPU
		{DB6AEC83-B031-4B90-AE2B-C5A9AC62FC56}.Release|Any CPU.ActiveCfg = Release|Any CPU
		{DB6AEC83-B031-4B90-AE2B-C5A9AC62FC56}.Release|Any CPU.Build.0 = Release|Any CPU
		{CF9E8F97-87D8-488F-BF47-A7706A229F84}.Debug|Any CPU.ActiveCfg = Debug|Any CPU
		{CF9E8F97-87D8-488F-BF47-A7706A229F84}.Debug|Any CPU.Build.0 = Debug|Any CPU
		{CF9E8F97-87D8-488F-BF47-A7706A229F84}.Release|Any CPU.ActiveCfg = Release|Any CPU
		{CF9E8F97-87D8-488F-BF47-A7706A229F84}.Release|Any CPU.Build.0 = Release|Any CPU
		{41B62085-8C6D-4566-BA1D-7D345C1E1B53}.Debug|Any CPU.ActiveCfg = Debug|Any CPU
		{41B62085-8C6D-4566-BA1D-7D345C1E1B53}.Debug|Any CPU.Build.0 = Debug|Any CPU
		{41B62085-8C6D-4566-BA1D-7D345C1E1B53}.Release|Any CPU.ActiveCfg = Release|Any CPU
		{41B62085-8C6D-4566-BA1D-7D345C1E1B53}.Release|Any CPU.Build.0 = Release|Any CPU
	EndGlobalSection
	GlobalSection(SolutionProperties) = preSolution
		HideSolutionNode = FALSE
	EndGlobalSection
	GlobalSection(NestedProjects) = preSolution
		{C0E869DC-A064-4E01-8D55-C8A72D5F5172} = {E7B5891A-9B21-4368-AA2B-401B88006BA6}
		{09DC66A0-6A0E-4B12-8927-9AF742081344} = {1BE2107F-8B82-409B-A41C-D976C59486DD}
		{A19D60DA-1B62-44FB-9497-93C15A7B8A4D} = {C03C0D22-CE35-4E0F-9D6A-498306B43092}
		{C03C0D22-CE35-4E0F-9D6A-498306B43092} = {67C0D65C-8A80-45C4-92CD-54F218773930}
		{E7B5891A-9B21-4368-AA2B-401B88006BA6} = {67C0D65C-8A80-45C4-92CD-54F218773930}
		{1BE2107F-8B82-409B-A41C-D976C59486DD} = {67C0D65C-8A80-45C4-92CD-54F218773930}
		{CBA49715-3E2E-488B-9ACE-0C459A19417E} = {ACF0EBED-ACFC-4C19-9812-A60494192414}
		{B7FD9818-5D7C-4823-88BC-3A39C2391426} = {E7B5891A-9B21-4368-AA2B-401B88006BA6}
		{DB6AEC83-B031-4B90-AE2B-C5A9AC62FC56} = {E7B5891A-9B21-4368-AA2B-401B88006BA6}
		{CF9E8F97-87D8-488F-BF47-A7706A229F84} = {E7B5891A-9B21-4368-AA2B-401B88006BA6}
		{8D040636-2052-4536-9653-A1EF3FAD93FA} = {E7B5891A-9B21-4368-AA2B-401B88006BA6}
		{41B62085-8C6D-4566-BA1D-7D345C1E1B53} = {8D040636-2052-4536-9653-A1EF3FAD93FA}
	EndGlobalSection
	GlobalSection(ExtensibilityGlobals) = postSolution
		SolutionGuid = {AC99F548-FDB0-4E83-A3BC-D114D47B0718}
	EndGlobalSection
EndGlobal
